
Microsoft Visual Studio Solution File, Format Version 12.00
# Visual Studio Version 17
VisualStudioVersion = 17.2.32616.157
MinimumVisualStudioVersion = 10.0.40219.1
Project("{9A19103F-16F7-4668-BE54-9A1E7A4F7556}") = "NotebookProgram.Repository", "NotebookProgram.Repository\NotebookProgram.Repository.csproj", "{11B75378-EEB8-4305-B98E-1923BB8E7794}"
EndProject
Project("{9A19103F-16F7-4668-BE54-9A1E7A4F7556}") = "NotebookProgram.WebApi", "NotebookProgram.WebApi\NotebookProgram.WebApi.csproj", "{9399362A-1A30-4C2B-82E6-FCCD4771CA1F}"
EndProject
Project("{9A19103F-16F7-4668-BE54-9A1E7A4F7556}") = "NotebookProgram.Dto", "NotebookProgram.Dto\NotebookProgram.Dto.csproj", "{77094AF4-9FC0-4697-894F-B9C5EE0D964B}"
EndProject
Project("{9A19103F-16F7-4668-BE54-9A1E7A4F7556}") = "NotebookProgram.Business", "NotebookProgram.Business\NotebookProgram.Business.csproj", "{313EA1D3-EA12-4810-9F15-6EAEFC677A98}"
EndProject
Project("{FAE04EC0-301F-11D3-BF4B-00C04F79EFBC}") = "NotebookProgram.FrontEnd", "NotebookProgram.FrontEnd\NotebookProgram.FrontEnd.csproj", "{A56FBD32-C937-4F4F-8887-2632CF8A3497}"
EndProject
Global
	GlobalSection(SolutionConfigurationPlatforms) = preSolution
		Debug|Any CPU = Debug|Any CPU
		Release|Any CPU = Release|Any CPU
	EndGlobalSection
	GlobalSection(ProjectConfigurationPlatforms) = postSolution
		{11B75378-EEB8-4305-B98E-1923BB8E7794}.Debug|Any CPU.ActiveCfg = Debug|Any CPU
		{11B75378-EEB8-4305-B98E-1923BB8E7794}.Debug|Any CPU.Build.0 = Debug|Any CPU
		{11B75378-EEB8-4305-B98E-1923BB8E7794}.Release|Any CPU.ActiveCfg = Release|Any CPU
		{11B75378-EEB8-4305-B98E-1923BB8E7794}.Release|Any CPU.Build.0 = Release|Any CPU
		{9399362A-1A30-4C2B-82E6-FCCD4771CA1F}.Debug|Any CPU.ActiveCfg = Debug|Any CPU
		{9399362A-1A30-4C2B-82E6-FCCD4771CA1F}.Debug|Any CPU.Build.0 = Debug|Any CPU
		{9399362A-1A30-4C2B-82E6-FCCD4771CA1F}.Release|Any CPU.ActiveCfg = Release|Any CPU
		{9399362A-1A30-4C2B-82E6-FCCD4771CA1F}.Release|Any CPU.Build.0 = Release|Any CPU
		{77094AF4-9FC0-4697-894F-B9C5EE0D964B}.Debug|Any CPU.ActiveCfg = Debug|Any CPU
		{77094AF4-9FC0-4697-894F-B9C5EE0D964B}.Debug|Any CPU.Build.0 = Debug|Any CPU
		{77094AF4-9FC0-4697-894F-B9C5EE0D964B}.Release|Any CPU.ActiveCfg = Release|Any CPU
		{77094AF4-9FC0-4697-894F-B9C5EE0D964B}.Release|Any CPU.Build.0 = Release|Any CPU
		{313EA1D3-EA12-4810-9F15-6EAEFC677A98}.Debug|Any CPU.ActiveCfg = Debug|Any CPU
		{313EA1D3-EA12-4810-9F15-6EAEFC677A98}.Debug|Any CPU.Build.0 = Debug|Any CPU
		{313EA1D3-EA12-4810-9F15-6EAEFC677A98}.Release|Any CPU.ActiveCfg = Release|Any CPU
		{313EA1D3-EA12-4810-9F15-6EAEFC677A98}.Release|Any CPU.Build.0 = Release|Any CPU
		{A56FBD32-C937-4F4F-8887-2632CF8A3497}.Debug|Any CPU.ActiveCfg = Debug|Any CPU
		{A56FBD32-C937-4F4F-8887-2632CF8A3497}.Debug|Any CPU.Build.0 = Debug|Any CPU
		{A56FBD32-C937-4F4F-8887-2632CF8A3497}.Release|Any CPU.ActiveCfg = Release|Any CPU
		{A56FBD32-C937-4F4F-8887-2632CF8A3497}.Release|Any CPU.Build.0 = Release|Any CPU
	EndGlobalSection
	GlobalSection(SolutionProperties) = preSolution
		HideSolutionNode = FALSE
	EndGlobalSection
	GlobalSection(ExtensibilityGlobals) = postSolution
		SolutionGuid = {F7452FEA-41D8-492B-B924-6242C2D95B35}
	EndGlobalSection
EndGlobal
